
Microsoft Visual Studio Solution File, Format Version 12.00
# Visual Studio Version 16
VisualStudioVersion = 16.0.30413.136
MinimumVisualStudioVersion = 10.0.40219.1
Project("{2150E333-8FDC-42A3-9474-1A3956D46DE8}") = "Application", "Application", "{4F6A71D2-DF60-4A00-8741-DEF9C2A6467F}"
EndProject
Project("{2150E333-8FDC-42A3-9474-1A3956D46DE8}") = "Domain", "Domain", "{9C3601BF-C9E3-40BC-BFD5-6808B04707B6}"
EndProject
Project("{2150E333-8FDC-42A3-9474-1A3956D46DE8}") = "Infra", "Infra", "{4AB37628-8E51-43FD-BB02-B27285F3312A}"
EndProject
Project("{2150E333-8FDC-42A3-9474-1A3956D46DE8}") = "Service", "Service", "{B2616FD5-077E-498E-92AF-425BE4FA8F68}"
EndProject
Project("{9A19103F-16F7-4668-BE54-9A1E7A4F7556}") = "EventReceiver.Domain", "EventReceiver.Domain\EventReceiver.Domain.csproj", "{34195140-7FF3-4448-848E-19EA47D56ACE}"
EndProject
Project("{2150E333-8FDC-42A3-9474-1A3956D46DE8}") = "Data", "Data", "{90572A97-7675-4C5A-94DB-63334E5B823C}"
EndProject
Project("{2150E333-8FDC-42A3-9474-1A3956D46DE8}") = "Shared", "Shared", "{655B375C-CCBB-4C10-9E29-F980435F408C}"
EndProject
Project("{2150E333-8FDC-42A3-9474-1A3956D46DE8}") = "CrossCutting", "CrossCutting", "{A79C3A11-78CC-4B8B-AF7A-657FF83ACC76}"
EndProject
Project("{9A19103F-16F7-4668-BE54-9A1E7A4F7556}") = "EventReceiver.Service", "EventReceiver.Service\EventReceiver.Service.csproj", "{EA53E282-3020-4890-A372-78F9EA4C4C16}"
EndProject
Project("{9A19103F-16F7-4668-BE54-9A1E7A4F7556}") = "EventReceiver.Application", "EventReceiver.Application\EventReceiver.Application.csproj", "{6F2DFE95-8DA5-45BA-851A-4CF5CF8685C4}"
EndProject
Project("{9A19103F-16F7-4668-BE54-9A1E7A4F7556}") = "EventReceiver.Infra.CrossCutting", "EventReceiver.Infra.CrossCutting\EventReceiver.Infra.CrossCutting.csproj", "{C12D52AE-E656-4036-9D5E-358937D0F534}"
EndProject
Project("{9A19103F-16F7-4668-BE54-9A1E7A4F7556}") = "EventReceiver.Infra.Data", "EventReceiver.Infra.Data\EventReceiver.Infra.Data.csproj", "{037ACBE4-7E6B-4311-8EB5-AD640E9FCDAF}"
EndProject
Project("{9A19103F-16F7-4668-BE54-9A1E7A4F7556}") = "EventReceiver.Infra.Shared", "EventReceiver.Infra.Shared\EventReceiver.Infra.Shared.csproj", "{0AF5B10F-A639-4AAB-8A24-60C757A8B043}"
EndProject
Project("{2150E333-8FDC-42A3-9474-1A3956D46DE8}") = "Test", "Test", "{1CB025D0-9080-40AA-B16D-13F73B500749}"
EndProject
Project("{FAE04EC0-301F-11D3-BF4B-00C04F79EFBC}") = "EventReceiver.Test", "EventReceiver.Test\EventReceiver.Test.csproj", "{705D22C0-41B8-4969-8945-76A25AA242F1}"
EndProject
Global
	GlobalSection(SolutionConfigurationPlatforms) = preSolution
		Debug|Any CPU = Debug|Any CPU
		Release|Any CPU = Release|Any CPU
	EndGlobalSection
	GlobalSection(ProjectConfigurationPlatforms) = postSolution
		{34195140-7FF3-4448-848E-19EA47D56ACE}.Debug|Any CPU.ActiveCfg = Debug|Any CPU
		{34195140-7FF3-4448-848E-19EA47D56ACE}.Debug|Any CPU.Build.0 = Debug|Any CPU
		{34195140-7FF3-4448-848E-19EA47D56ACE}.Release|Any CPU.ActiveCfg = Release|Any CPU
		{34195140-7FF3-4448-848E-19EA47D56ACE}.Release|Any CPU.Build.0 = Release|Any CPU
		{EA53E282-3020-4890-A372-78F9EA4C4C16}.Debug|Any CPU.ActiveCfg = Debug|Any CPU
		{EA53E282-3020-4890-A372-78F9EA4C4C16}.Debug|Any CPU.Build.0 = Debug|Any CPU
		{EA53E282-3020-4890-A372-78F9EA4C4C16}.Release|Any CPU.ActiveCfg = Release|Any CPU
		{EA53E282-3020-4890-A372-78F9EA4C4C16}.Release|Any CPU.Build.0 = Release|Any CPU
		{6F2DFE95-8DA5-45BA-851A-4CF5CF8685C4}.Debug|Any CPU.ActiveCfg = Debug|Any CPU
		{6F2DFE95-8DA5-45BA-851A-4CF5CF8685C4}.Debug|Any CPU.Build.0 = Debug|Any CPU
		{6F2DFE95-8DA5-45BA-851A-4CF5CF8685C4}.Release|Any CPU.ActiveCfg = Release|Any CPU
		{6F2DFE95-8DA5-45BA-851A-4CF5CF8685C4}.Release|Any CPU.Build.0 = Release|Any CPU
		{C12D52AE-E656-4036-9D5E-358937D0F534}.Debug|Any CPU.ActiveCfg = Debug|Any CPU
		{C12D52AE-E656-4036-9D5E-358937D0F534}.Debug|Any CPU.Build.0 = Debug|Any CPU
		{C12D52AE-E656-4036-9D5E-358937D0F534}.Release|Any CPU.ActiveCfg = Release|Any CPU
		{C12D52AE-E656-4036-9D5E-358937D0F534}.Release|Any CPU.Build.0 = Release|Any CPU
		{037ACBE4-7E6B-4311-8EB5-AD640E9FCDAF}.Debug|Any CPU.ActiveCfg = Debug|Any CPU
		{037ACBE4-7E6B-4311-8EB5-AD640E9FCDAF}.Debug|Any CPU.Build.0 = Debug|Any CPU
		{037ACBE4-7E6B-4311-8EB5-AD640E9FCDAF}.Release|Any CPU.ActiveCfg = Release|Any CPU
		{037ACBE4-7E6B-4311-8EB5-AD640E9FCDAF}.Release|Any CPU.Build.0 = Release|Any CPU
		{0AF5B10F-A639-4AAB-8A24-60C757A8B043}.Debug|Any CPU.ActiveCfg = Debug|Any CPU
		{0AF5B10F-A639-4AAB-8A24-60C757A8B043}.Debug|Any CPU.Build.0 = Debug|Any CPU
		{0AF5B10F-A639-4AAB-8A24-60C757A8B043}.Release|Any CPU.ActiveCfg = Release|Any CPU
		{0AF5B10F-A639-4AAB-8A24-60C757A8B043}.Release|Any CPU.Build.0 = Release|Any CPU
		{705D22C0-41B8-4969-8945-76A25AA242F1}.Debug|Any CPU.ActiveCfg = Debug|Any CPU
		{705D22C0-41B8-4969-8945-76A25AA242F1}.Debug|Any CPU.Build.0 = Debug|Any CPU
		{705D22C0-41B8-4969-8945-76A25AA242F1}.Release|Any CPU.ActiveCfg = Release|Any CPU
		{705D22C0-41B8-4969-8945-76A25AA242F1}.Release|Any CPU.Build.0 = Release|Any CPU
	EndGlobalSection
	GlobalSection(SolutionProperties) = preSolution
		HideSolutionNode = FALSE
	EndGlobalSection
	GlobalSection(NestedProjects) = preSolution
		{34195140-7FF3-4448-848E-19EA47D56ACE} = {9C3601BF-C9E3-40BC-BFD5-6808B04707B6}
		{90572A97-7675-4C5A-94DB-63334E5B823C} = {4AB37628-8E51-43FD-BB02-B27285F3312A}
		{655B375C-CCBB-4C10-9E29-F980435F408C} = {4AB37628-8E51-43FD-BB02-B27285F3312A}
		{A79C3A11-78CC-4B8B-AF7A-657FF83ACC76} = {4AB37628-8E51-43FD-BB02-B27285F3312A}
		{EA53E282-3020-4890-A372-78F9EA4C4C16} = {B2616FD5-077E-498E-92AF-425BE4FA8F68}
		{6F2DFE95-8DA5-45BA-851A-4CF5CF8685C4} = {4F6A71D2-DF60-4A00-8741-DEF9C2A6467F}
		{C12D52AE-E656-4036-9D5E-358937D0F534} = {A79C3A11-78CC-4B8B-AF7A-657FF83ACC76}
		{037ACBE4-7E6B-4311-8EB5-AD640E9FCDAF} = {90572A97-7675-4C5A-94DB-63334E5B823C}
		{0AF5B10F-A639-4AAB-8A24-60C757A8B043} = {655B375C-CCBB-4C10-9E29-F980435F408C}
		{705D22C0-41B8-4969-8945-76A25AA242F1} = {1CB025D0-9080-40AA-B16D-13F73B500749}
	EndGlobalSection
	GlobalSection(ExtensibilityGlobals) = postSolution
		SolutionGuid = {69E8D8E9-916E-4835-8E02-D333DBE6803A}
	EndGlobalSection
EndGlobal
